// !$*UTF8*$!
{
	archiveVersion = 1;
	classes = {
	};
	objectVersion = 46;
	objects = {

/* Begin PBXBuildFile section */
		B0B7698B1EF15B440041F6A4 /* AppDelegate.swift in Sources */ = {isa = PBXBuildFile; fileRef = B0B7698A1EF15B440041F6A4 /* AppDelegate.swift */; };
		B0B7698D1EF15B440041F6A4 /* ViewController.swift in Sources */ = {isa = PBXBuildFile; fileRef = B0B7698C1EF15B440041F6A4 /* ViewController.swift */; };
		B0B769901EF15B440041F6A4 /* Main.storyboard in Resources */ = {isa = PBXBuildFile; fileRef = B0B7698E1EF15B440041F6A4 /* Main.storyboard */; };
		B0B769921EF15B440041F6A4 /* Assets.xcassets in Resources */ = {isa = PBXBuildFile; fileRef = B0B769911EF15B440041F6A4 /* Assets.xcassets */; };
		B0B769951EF15B440041F6A4 /* LaunchScreen.storyboard in Resources */ = {isa = PBXBuildFile; fileRef = B0B769931EF15B440041F6A4 /* LaunchScreen.storyboard */; };
		B0B769A01EF15B440041F6A4 /* ShoppingCartAppTests.swift in Sources */ = {isa = PBXBuildFile; fileRef = B0B7699F1EF15B440041F6A4 /* ShoppingCartAppTests.swift */; };
		B0B769AB1EF15B440041F6A4 /* ShoppingCartAppUITests.swift in Sources */ = {isa = PBXBuildFile; fileRef = B0B769AA1EF15B440041F6A4 /* ShoppingCartAppUITests.swift */; };
		B0B769BC1EF15BDF0041F6A4 /* ShopItem.swift in Sources */ = {isa = PBXBuildFile; fileRef = B0B769BB1EF15BDF0041F6A4 /* ShopItem.swift */; };
		B0B769BE1EF15C000041F6A4 /* CartItem.swift in Sources */ = {isa = PBXBuildFile; fileRef = B0B769BD1EF15C000041F6A4 /* CartItem.swift */; };
		B0B769C11EF161B20041F6A4 /* ShopItemCell.swift in Sources */ = {isa = PBXBuildFile; fileRef = B0B769C01EF161B20041F6A4 /* ShopItemCell.swift */; };
		B0B769C31EF179560041F6A4 /* CartViewController.swift in Sources */ = {isa = PBXBuildFile; fileRef = B0B769C21EF179560041F6A4 /* CartViewController.swift */; };
		B0B769C51EF17B9C0041F6A4 /* CartItemCell.swift in Sources */ = {isa = PBXBuildFile; fileRef = B0B769C41EF17B9C0041F6A4 /* CartItemCell.swift */; };
/* End PBXBuildFile section */

/* Begin PBXContainerItemProxy section */
		B0B7699C1EF15B440041F6A4 /* PBXContainerItemProxy */ = {
			isa = PBXContainerItemProxy;
			containerPortal = B0B7697F1EF15B440041F6A4 /* Project object */;
			proxyType = 1;
			remoteGlobalIDString = B0B769861EF15B440041F6A4;
			remoteInfo = ShoppingCartApp;
		};
		B0B769A71EF15B440041F6A4 /* PBXContainerItemProxy */ = {
			isa = PBXContainerItemProxy;
			containerPortal = B0B7697F1EF15B440041F6A4 /* Project object */;
			proxyType = 1;
			remoteGlobalIDString = B0B769861EF15B440041F6A4;
			remoteInfo = ShoppingCartApp;
		};
/* End PBXContainerItemProxy section */

/* Begin PBXFileReference section */
		B0B769871EF15B440041F6A4 /* ShoppingCartApp.app */ = {isa = PBXFileReference; explicitFileType = wrapper.application; includeInIndex = 0; path = ShoppingCartApp.app; sourceTree = BUILT_PRODUCTS_DIR; };
		B0B7698A1EF15B440041F6A4 /* AppDelegate.swift */ = {isa = PBXFileReference; lastKnownFileType = sourcecode.swift; path = AppDelegate.swift; sourceTree = "<group>"; };
		B0B7698C1EF15B440041F6A4 /* ViewController.swift */ = {isa = PBXFileReference; lastKnownFileType = sourcecode.swift; path = ViewController.swift; sourceTree = "<group>"; };
		B0B7698F1EF15B440041F6A4 /* Base */ = {isa = PBXFileReference; lastKnownFileType = file.storyboard; name = Base; path = Base.lproj/Main.storyboard; sourceTree = "<group>"; };
		B0B769911EF15B440041F6A4 /* Assets.xcassets */ = {isa = PBXFileReference; lastKnownFileType = folder.assetcatalog; path = Assets.xcassets; sourceTree = "<group>"; };
		B0B769941EF15B440041F6A4 /* Base */ = {isa = PBXFileReference; lastKnownFileType = file.storyboard; name = Base; path = Base.lproj/LaunchScreen.storyboard; sourceTree = "<group>"; };
		B0B769961EF15B440041F6A4 /* Info.plist */ = {isa = PBXFileReference; lastKnownFileType = text.plist.xml; path = Info.plist; sourceTree = "<group>"; };
		B0B7699B1EF15B440041F6A4 /* ShoppingCartAppTests.xctest */ = {isa = PBXFileReference; explicitFileType = wrapper.cfbundle; includeInIndex = 0; path = ShoppingCartAppTests.xctest; sourceTree = BUILT_PRODUCTS_DIR; };
		B0B7699F1EF15B440041F6A4 /* ShoppingCartAppTests.swift */ = {isa = PBXFileReference; lastKnownFileType = sourcecode.swift; path = ShoppingCartAppTests.swift; sourceTree = "<group>"; };
		B0B769A11EF15B440041F6A4 /* Info.plist */ = {isa = PBXFileReference; lastKnownFileType = text.plist.xml; path = Info.plist; sourceTree = "<group>"; };
		B0B769A61EF15B440041F6A4 /* ShoppingCartAppUITests.xctest */ = {isa = PBXFileReference; explicitFileType = wrapper.cfbundle; includeInIndex = 0; path = ShoppingCartAppUITests.xctest; sourceTree = BUILT_PRODUCTS_DIR; };
		B0B769AA1EF15B440041F6A4 /* ShoppingCartAppUITests.swift */ = {isa = PBXFileReference; lastKnownFileType = sourcecode.swift; path = ShoppingCartAppUITests.swift; sourceTree = "<group>"; };
		B0B769AC1EF15B440041F6A4 /* Info.plist */ = {isa = PBXFileReference; lastKnownFileType = text.plist.xml; path = Info.plist; sourceTree = "<group>"; };
		B0B769BB1EF15BDF0041F6A4 /* ShopItem.swift */ = {isa = PBXFileReference; fileEncoding = 4; lastKnownFileType = sourcecode.swift; path = ShopItem.swift; sourceTree = "<group>"; };
		B0B769BD1EF15C000041F6A4 /* CartItem.swift */ = {isa = PBXFileReference; fileEncoding = 4; lastKnownFileType = sourcecode.swift; path = CartItem.swift; sourceTree = "<group>"; };
		B0B769C01EF161B20041F6A4 /* ShopItemCell.swift */ = {isa = PBXFileReference; fileEncoding = 4; lastKnownFileType = sourcecode.swift; path = ShopItemCell.swift; sourceTree = "<group>"; };
		B0B769C21EF179560041F6A4 /* CartViewController.swift */ = {isa = PBXFileReference; fileEncoding = 4; lastKnownFileType = sourcecode.swift; path = CartViewController.swift; sourceTree = "<group>"; };
		B0B769C41EF17B9C0041F6A4 /* CartItemCell.swift */ = {isa = PBXFileReference; fileEncoding = 4; lastKnownFileType = sourcecode.swift; path = CartItemCell.swift; sourceTree = "<group>"; };
/* End PBXFileReference section */

/* Begin PBXFrameworksBuildPhase section */
		B0B769841EF15B440041F6A4 /* Frameworks */ = {
			isa = PBXFrameworksBuildPhase;
			buildActionMask = 2147483647;
			files = (
			);
			runOnlyForDeploymentPostprocessing = 0;
		};
		B0B769981EF15B440041F6A4 /* Frameworks */ = {
			isa = PBXFrameworksBuildPhase;
			buildActionMask = 2147483647;
			files = (
			);
			runOnlyForDeploymentPostprocessing = 0;
		};
		B0B769A31EF15B440041F6A4 /* Frameworks */ = {
			isa = PBXFrameworksBuildPhase;
			buildActionMask = 2147483647;
			files = (
			);
			runOnlyForDeploymentPostprocessing = 0;
		};
/* End PBXFrameworksBuildPhase section */

/* Begin PBXGroup section */
		B0B7697E1EF15B440041F6A4 = {
			isa = PBXGroup;
			children = (
				B0B769891EF15B440041F6A4 /* ShoppingCartApp */,
				B0B7699E1EF15B440041F6A4 /* ShoppingCartAppTests */,
				B0B769A91EF15B440041F6A4 /* ShoppingCartAppUITests */,
				B0B769881EF15B440041F6A4 /* Products */,
			);
			sourceTree = "<group>";
		};
		B0B769881EF15B440041F6A4 /* Products */ = {
			isa = PBXGroup;
			children = (
				B0B769871EF15B440041F6A4 /* ShoppingCartApp.app */,
				B0B7699B1EF15B440041F6A4 /* ShoppingCartAppTests.xctest */,
				B0B769A61EF15B440041F6A4 /* ShoppingCartAppUITests.xctest */,
			);
			name = Products;
			sourceTree = "<group>";
		};
		B0B769891EF15B440041F6A4 /* ShoppingCartApp */ = {
			isa = PBXGroup;
			children = (
				B0B769C71EF180800041F6A4 /* Controllers */,
				B0B769C61EF1806F0041F6A4 /* Cells */,
				B0B769B81EF15B4E0041F6A4 /* Models */,
				B0B7698A1EF15B440041F6A4 /* AppDelegate.swift */,
				B0B7698E1EF15B440041F6A4 /* Main.storyboard */,
				B0B769911EF15B440041F6A4 /* Assets.xcassets */,
				B0B769931EF15B440041F6A4 /* LaunchScreen.storyboard */,
				B0B769961EF15B440041F6A4 /* Info.plist */,
			);
			path = ShoppingCartApp;
			sourceTree = "<group>";
		};
		B0B7699E1EF15B440041F6A4 /* ShoppingCartAppTests */ = {
			isa = PBXGroup;
			children = (
				B0B7699F1EF15B440041F6A4 /* ShoppingCartAppTests.swift */,
				B0B769A11EF15B440041F6A4 /* Info.plist */,
			);
			path = ShoppingCartAppTests;
			sourceTree = "<group>";
		};
		B0B769A91EF15B440041F6A4 /* ShoppingCartAppUITests */ = {
			isa = PBXGroup;
			children = (
				B0B769AA1EF15B440041F6A4 /* ShoppingCartAppUITests.swift */,
				B0B769AC1EF15B440041F6A4 /* Info.plist */,
			);
			path = ShoppingCartAppUITests;
			sourceTree = "<group>";
		};
		B0B769B81EF15B4E0041F6A4 /* Models */ = {
			isa = PBXGroup;
			children = (
				B0B769BB1EF15BDF0041F6A4 /* ShopItem.swift */,
				B0B769BD1EF15C000041F6A4 /* CartItem.swift */,
			);
			name = Models;
			sourceTree = "<group>";
		};
		B0B769C61EF1806F0041F6A4 /* Cells */ = {
			isa = PBXGroup;
			children = (
				B0B769C41EF17B9C0041F6A4 /* CartItemCell.swift */,
				B0B769C01EF161B20041F6A4 /* ShopItemCell.swift */,
			);
			name = Cells;
			sourceTree = "<group>";
		};
		B0B769C71EF180800041F6A4 /* Controllers */ = {
			isa = PBXGroup;
			children = (
				B0B7698C1EF15B440041F6A4 /* ViewController.swift */,
				B0B769C21EF179560041F6A4 /* CartViewController.swift */,
			);
			name = Controllers;
			sourceTree = "<group>";
		};
/* End PBXGroup section */

/* Begin PBXNativeTarget section */
		B0B769861EF15B440041F6A4 /* ShoppingCartApp */ = {
			isa = PBXNativeTarget;
			buildConfigurationList = B0B769AF1EF15B440041F6A4 /* Build configuration list for PBXNativeTarget "ShoppingCartApp" */;
			buildPhases = (
				B0B769831EF15B440041F6A4 /* Sources */,
				B0B769841EF15B440041F6A4 /* Frameworks */,
				B0B769851EF15B440041F6A4 /* Resources */,
			);
			buildRules = (
			);
			dependencies = (
			);
			name = ShoppingCartApp;
			productName = ShoppingCartApp;
			productReference = B0B769871EF15B440041F6A4 /* ShoppingCartApp.app */;
			productType = "com.apple.product-type.application";
		};
		B0B7699A1EF15B440041F6A4 /* ShoppingCartAppTests */ = {
			isa = PBXNativeTarget;
			buildConfigurationList = B0B769B21EF15B440041F6A4 /* Build configuration list for PBXNativeTarget "ShoppingCartAppTests" */;
			buildPhases = (
				B0B769971EF15B440041F6A4 /* Sources */,
				B0B769981EF15B440041F6A4 /* Frameworks */,
				B0B769991EF15B440041F6A4 /* Resources */,
			);
			buildRules = (
			);
			dependencies = (
				B0B7699D1EF15B440041F6A4 /* PBXTargetDependency */,
			);
			name = ShoppingCartAppTests;
			productName = ShoppingCartAppTests;
			productReference = B0B7699B1EF15B440041F6A4 /* ShoppingCartAppTests.xctest */;
			productType = "com.apple.product-type.bundle.unit-test";
		};
		B0B769A51EF15B440041F6A4 /* ShoppingCartAppUITests */ = {
			isa = PBXNativeTarget;
			buildConfigurationList = B0B769B51EF15B440041F6A4 /* Build configuration list for PBXNativeTarget "ShoppingCartAppUITests" */;
			buildPhases = (
				B0B769A21EF15B440041F6A4 /* Sources */,
				B0B769A31EF15B440041F6A4 /* Frameworks */,
				B0B769A41EF15B440041F6A4 /* Resources */,
			);
			buildRules = (
			);
			dependencies = (
				B0B769A81EF15B440041F6A4 /* PBXTargetDependency */,
			);
			name = ShoppingCartAppUITests;
			productName = ShoppingCartAppUITests;
			productReference = B0B769A61EF15B440041F6A4 /* ShoppingCartAppUITests.xctest */;
			productType = "com.apple.product-type.bundle.ui-testing";
		};
/* End PBXNativeTarget section */

/* Begin PBXProject section */
		B0B7697F1EF15B440041F6A4 /* Project object */ = {
			isa = PBXProject;
			attributes = {
				LastSwiftUpdateCheck = 0830;
				LastUpgradeCheck = 0830;
				ORGANIZATIONNAME = EasternPeak;
				TargetAttributes = {
					B0B769861EF15B440041F6A4 = {
						CreatedOnToolsVersion = 8.3.3;
						ProvisioningStyle = Automatic;
					};
					B0B7699A1EF15B440041F6A4 = {
						CreatedOnToolsVersion = 8.3.3;
						ProvisioningStyle = Automatic;
						TestTargetID = B0B769861EF15B440041F6A4;
					};
					B0B769A51EF15B440041F6A4 = {
						CreatedOnToolsVersion = 8.3.3;
						ProvisioningStyle = Automatic;
						TestTargetID = B0B769861EF15B440041F6A4;
					};
				};
			};
			buildConfigurationList = B0B769821EF15B440041F6A4 /* Build configuration list for PBXProject "ShoppingCartApp" */;
			compatibilityVersion = "Xcode 3.2";
			developmentRegion = English;
			hasScannedForEncodings = 0;
			knownRegions = (
				en,
				Base,
			);
			mainGroup = B0B7697E1EF15B440041F6A4;
			productRefGroup = B0B769881EF15B440041F6A4 /* Products */;
			projectDirPath = "";
			projectRoot = "";
			targets = (
				B0B769861EF15B440041F6A4 /* ShoppingCartApp */,
				B0B7699A1EF15B440041F6A4 /* ShoppingCartAppTests */,
				B0B769A51EF15B440041F6A4 /* ShoppingCartAppUITests */,
			);
		};
/* End PBXProject section */

/* Begin PBXResourcesBuildPhase section */
		B0B769851EF15B440041F6A4 /* Resources */ = {
			isa = PBXResourcesBuildPhase;
			buildActionMask = 2147483647;
			files = (
				B0B769951EF15B440041F6A4 /* LaunchScreen.storyboard in Resources */,
				B0B769921EF15B440041F6A4 /* Assets.xcassets in Resources */,
				B0B769901EF15B440041F6A4 /* Main.storyboard in Resources */,
			);
			runOnlyForDeploymentPostprocessing = 0;
		};
		B0B769991EF15B440041F6A4 /* Resources */ = {
			isa = PBXResourcesBuildPhase;
			buildActionMask = 2147483647;
			files = (
			);
			runOnlyForDeploymentPostprocessing = 0;
		};
		B0B769A41EF15B440041F6A4 /* Resources */ = {
			isa = PBXResourcesBuildPhase;
			buildActionMask = 2147483647;
			files = (
			);
			runOnlyForDeploymentPostprocessing = 0;
		};
/* End PBXResourcesBuildPhase section */

/* Begin PBXSourcesBuildPhase section */
		B0B769831EF15B440041F6A4 /* Sources */ = {
			isa = PBXSourcesBuildPhase;
			buildActionMask = 2147483647;
			files = (
				B0B769C11EF161B20041F6A4 /* ShopItemCell.swift in Sources */,
				B0B7698D1EF15B440041F6A4 /* ViewController.swift in Sources */,
				B0B7698B1EF15B440041F6A4 /* AppDelegate.swift in Sources */,
				B0B769BE1EF15C000041F6A4 /* CartItem.swift in Sources */,
				B0B769C51EF17B9C0041F6A4 /* CartItemCell.swift in Sources */,
				B0B769C31EF179560041F6A4 /* CartViewController.swift in Sources */,
				B0B769BC1EF15BDF0041F6A4 /* ShopItem.swift in Sources */,
			);
			runOnlyForDeploymentPostprocessing = 0;
		};
		B0B769971EF15B440041F6A4 /* Sources */ = {
			isa = PBXSourcesBuildPhase;
			buildActionMask = 2147483647;
			files = (
				B0B769A01EF15B440041F6A4 /* ShoppingCartAppTests.swift in Sources */,
			);
			runOnlyForDeploymentPostprocessing = 0;
		};
		B0B769A21EF15B440041F6A4 /* Sources */ = {
			isa = PBXSourcesBuildPhase;
			buildActionMask = 2147483647;
			files = (
				B0B769AB1EF15B440041F6A4 /* ShoppingCartAppUITests.swift in Sources */,
			);
			runOnlyForDeploymentPostprocessing = 0;
		};
/* End PBXSourcesBuildPhase section */

/* Begin PBXTargetDependency section */
		B0B7699D1EF15B440041F6A4 /* PBXTargetDependency */ = {
			isa = PBXTargetDependency;
			target = B0B769861EF15B440041F6A4 /* ShoppingCartApp */;
			targetProxy = B0B7699C1EF15B440041F6A4 /* PBXContainerItemProxy */;
		};
		B0B769A81EF15B440041F6A4 /* PBXTargetDependency */ = {
			isa = PBXTargetDependency;
			target = B0B769861EF15B440041F6A4 /* ShoppingCartApp */;
			targetProxy = B0B769A71EF15B440041F6A4 /* PBXContainerItemProxy */;
		};
/* End PBXTargetDependency section */

/* Begin PBXVariantGroup section */
		B0B7698E1EF15B440041F6A4 /* Main.storyboard */ = {
			isa = PBXVariantGroup;
			children = (
				B0B7698F1EF15B440041F6A4 /* Base */,
			);
			name = Main.storyboard;
			sourceTree = "<group>";
		};
		B0B769931EF15B440041F6A4 /* LaunchScreen.storyboard */ = {
			isa = PBXVariantGroup;
			children = (
				B0B769941EF15B440041F6A4 /* Base */,
			);
			name = LaunchScreen.storyboard;
			sourceTree = "<group>";
		};
/* End PBXVariantGroup section */

/* Begin XCBuildConfiguration section */
		B0B769AD1EF15B440041F6A4 /* Debug */ = {
			isa = XCBuildConfiguration;
			buildSettings = {
				ALWAYS_SEARCH_USER_PATHS = NO;
				CLANG_ANALYZER_NONNULL = YES;
				CLANG_ANALYZER_NUMBER_OBJECT_CONVERSION = YES_AGGRESSIVE;
				CLANG_CXX_LANGUAGE_STANDARD = "gnu++0x";
				CLANG_CXX_LIBRARY = "libc++";
				CLANG_ENABLE_MODULES = YES;
				CLANG_ENABLE_OBJC_ARC = YES;
				CLANG_WARN_BOOL_CONVERSION = YES;
				CLANG_WARN_CONSTANT_CONVERSION = YES;
				CLANG_WARN_DIRECT_OBJC_ISA_USAGE = YES_ERROR;
				CLANG_WARN_DOCUMENTATION_COMMENTS = YES;
				CLANG_WARN_EMPTY_BODY = YES;
				CLANG_WARN_ENUM_CONVERSION = YES;
				CLANG_WARN_INFINITE_RECURSION = YES;
				CLANG_WARN_INT_CONVERSION = YES;
				CLANG_WARN_OBJC_ROOT_CLASS = YES_ERROR;
				CLANG_WARN_SUSPICIOUS_MOVE = YES;
				CLANG_WARN_UNREACHABLE_CODE = YES;
				CLANG_WARN__DUPLICATE_METHOD_MATCH = YES;
				"CODE_SIGN_IDENTITY[sdk=iphoneos*]" = "iPhone Developer";
				COPY_PHASE_STRIP = NO;
				DEBUG_INFORMATION_FORMAT = dwarf;
				ENABLE_STRICT_OBJC_MSGSEND = YES;
				ENABLE_TESTABILITY = YES;
				GCC_C_LANGUAGE_STANDARD = gnu99;
				GCC_DYNAMIC_NO_PIC = NO;
				GCC_NO_COMMON_BLOCKS = YES;
				GCC_OPTIMIZATION_LEVEL = 0;
				GCC_PREPROCESSOR_DEFINITIONS = (
					"DEBUG=1",
					"$(inherited)",
				);
				GCC_WARN_64_TO_32_BIT_CONVERSION = YES;
				GCC_WARN_ABOUT_RETURN_TYPE = YES_ERROR;
				GCC_WARN_UNDECLARED_SELECTOR = YES;
				GCC_WARN_UNINITIALIZED_AUTOS = YES_AGGRESSIVE;
				GCC_WARN_UNUSED_FUNCTION = YES;
				GCC_WARN_UNUSED_VARIABLE = YES;
				IPHONEOS_DEPLOYMENT_TARGET = 10.3;
				MTL_ENABLE_DEBUG_INFO = YES;
				ONLY_ACTIVE_ARCH = YES;
				SDKROOT = iphoneos;
				SWIFT_ACTIVE_COMPILATION_CONDITIONS = DEBUG;
				SWIFT_OPTIMIZATION_LEVEL = "-Onone";
				TARGETED_DEVICE_FAMILY = "1,2";
			};
			name = Debug;
		};
		B0B769AE1EF15B440041F6A4 /* Release */ = {
			isa = XCBuildConfiguration;
			buildSettings = {
				ALWAYS_SEARCH_USER_PATHS = NO;
				CLANG_ANALYZER_NONNULL = YES;
				CLANG_ANALYZER_NUMBER_OBJECT_CONVERSION = YES_AGGRESSIVE;
				CLANG_CXX_LANGUAGE_STANDARD = "gnu++0x";
				CLANG_CXX_LIBRARY = "libc++";
				CLANG_ENABLE_MODULES = YES;
				CLANG_ENABLE_OBJC_ARC = YES;
				CLANG_WARN_BOOL_CONVERSION = YES;
				CLANG_WARN_CONSTANT_CONVERSION = YES;
				CLANG_WARN_DIRECT_OBJC_ISA_USAGE = YES_ERROR;
				CLANG_WARN_DOCUMENTATION_COMMENTS = YES;
				CLANG_WARN_EMPTY_BODY = YES;
				CLANG_WARN_ENUM_CONVERSION = YES;
				CLANG_WARN_INFINITE_RECURSION = YES;
				CLANG_WARN_INT_CONVERSION = YES;
				CLANG_WARN_OBJC_ROOT_CLASS = YES_ERROR;
				CLANG_WARN_SUSPICIOUS_MOVE = YES;
				CLANG_WARN_UNREACHABLE_CODE = YES;
				CLANG_WARN__DUPLICATE_METHOD_MATCH = YES;
				"CODE_SIGN_IDENTITY[sdk=iphoneos*]" = "iPhone Developer";
				COPY_PHASE_STRIP = NO;
				DEBUG_INFORMATION_FORMAT = "dwarf-with-dsym";
				ENABLE_NS_ASSERTIONS = NO;
				ENABLE_STRICT_OBJC_MSGSEND = YES;
				GCC_C_LANGUAGE_STANDARD = gnu99;
				GCC_NO_COMMON_BLOCKS = YES;
				GCC_WARN_64_TO_32_BIT_CONVERSION = YES;
				GCC_WARN_ABOUT_RETURN_TYPE = YES_ERROR;
				GCC_WARN_UNDECLARED_SELECTOR = YES;
				GCC_WARN_UNINITIALIZED_AUTOS = YES_AGGRESSIVE;
				GCC_WARN_UNUSED_FUNCTION = YES;
				GCC_WARN_UNUSED_VARIABLE = YES;
				IPHONEOS_DEPLOYMENT_TARGET = 10.3;
				MTL_ENABLE_DEBUG_INFO = NO;
				SDKROOT = iphoneos;
				SWIFT_OPTIMIZATION_LEVEL = "-Owholemodule";
				TARGETED_DEVICE_FAMILY = "1,2";
				VALIDATE_PRODUCT = YES;
			};
			name = Release;
		};
		B0B769B01EF15B440041F6A4 /* Debug */ = {
			isa = XCBuildConfiguration;
			buildSettings = {
				ASSETCATALOG_COMPILER_APPICON_NAME = AppIcon;
				INFOPLIST_FILE = ShoppingCartApp/Info.plist;
				LD_RUNPATH_SEARCH_PATHS = "$(inherited) @executable_path/Frameworks";
				PRODUCT_BUNDLE_IDENTIFIER = com.shoppingCart.ShoppingCartApp;
				PRODUCT_NAME = "$(TARGET_NAME)";
				SWIFT_VERSION = 3.0;
			};
			name = Debug;
		};
		B0B769B11EF15B440041F6A4 /* Release */ = {
			isa = XCBuildConfiguration;
			buildSettings = {
				ASSETCATALOG_COMPILER_APPICON_NAME = AppIcon;
				INFOPLIST_FILE = ShoppingCartApp/Info.plist;
				LD_RUNPATH_SEARCH_PATHS = "$(inherited) @executable_path/Frameworks";
				PRODUCT_BUNDLE_IDENTIFIER = com.shoppingCart.ShoppingCartApp;
				PRODUCT_NAME = "$(TARGET_NAME)";
				SWIFT_VERSION = 3.0;
			};
			name = Release;
		};
		B0B769B31EF15B440041F6A4 /* Debug */ = {
			isa = XCBuildConfiguration;
			buildSettings = {
				ALWAYS_EMBED_SWIFT_STANDARD_LIBRARIES = YES;
				BUNDLE_LOADER = "$(TEST_HOST)";
				INFOPLIST_FILE = ShoppingCartAppTests/Info.plist;
				LD_RUNPATH_SEARCH_PATHS = "$(inherited) @executable_path/Frameworks @loader_path/Frameworks";
				PRODUCT_BUNDLE_IDENTIFIER = com.shoppingCart.ShoppingCartAppTests;
				PRODUCT_NAME = "$(TARGET_NAME)";
				SWIFT_VERSION = 3.0;
				TEST_HOST = "$(BUILT_PRODUCTS_DIR)/ShoppingCartApp.app/ShoppingCartApp";
			};
			name = Debug;
		};
		B0B769B41EF15B440041F6A4 /* Release */ = {
			isa = XCBuildConfiguration;
			buildSettings = {
				ALWAYS_EMBED_SWIFT_STANDARD_LIBRARIES = YES;
				BUNDLE_LOADER = "$(TEST_HOST)";
				INFOPLIST_FILE = ShoppingCartAppTests/Info.plist;
				LD_RUNPATH_SEARCH_PATHS = "$(inherited) @executable_path/Frameworks @loader_path/Frameworks";
				PRODUCT_BUNDLE_IDENTIFIER = com.shoppingCart.ShoppingCartAppTests;
				PRODUCT_NAME = "$(TARGET_NAME)";
				SWIFT_VERSION = 3.0;
				TEST_HOST = "$(BUILT_PRODUCTS_DIR)/ShoppingCartApp.app/ShoppingCartApp";
			};
			name = Release;
		};
		B0B769B61EF15B440041F6A4 /* Debug */ = {
			isa = XCBuildConfiguration;
			buildSettings = {
				ALWAYS_EMBED_SWIFT_STANDARD_LIBRARIES = YES;
				INFOPLIST_FILE = ShoppingCartAppUITests/Info.plist;
				LD_RUNPATH_SEARCH_PATHS = "$(inherited) @executable_path/Frameworks @loader_path/Frameworks";
				PRODUCT_BUNDLE_IDENTIFIER = com.shoppingCart.ShoppingCartAppUITests;
				PRODUCT_NAME = "$(TARGET_NAME)";
				SWIFT_VERSION = 3.0;
				TEST_TARGET_NAME = ShoppingCartApp;
			};
			name = Debug;
		};
		B0B769B71EF15B440041F6A4 /* Release */ = {
			isa = XCBuildConfiguration;
			buildSettings = {
				ALWAYS_EMBED_SWIFT_STANDARD_LIBRARIES = YES;
				INFOPLIST_FILE = ShoppingCartAppUITests/Info.plist;
				LD_RUNPATH_SEARCH_PATHS = "$(inherited) @executable_path/Frameworks @loader_path/Frameworks";
				PRODUCT_BUNDLE_IDENTIFIER = com.shoppingCart.ShoppingCartAppUITests;
				PRODUCT_NAME = "$(TARGET_NAME)";
				SWIFT_VERSION = 3.0;
				TEST_TARGET_NAME = ShoppingCartApp;
			};
			name = Release;
		};
/* End XCBuildConfiguration section */

/* Begin XCConfigurationList section */
		B0B769821EF15B440041F6A4 /* Build configuration list for PBXProject "ShoppingCartApp" */ = {
			isa = XCConfigurationList;
			buildConfigurations = (
				B0B769AD1EF15B440041F6A4 /* Debug */,
				B0B769AE1EF15B440041F6A4 /* Release */,
			);
			defaultConfigurationIsVisible = 0;
			defaultConfigurationName = Release;
		};
		B0B769AF1EF15B440041F6A4 /* Build configuration list for PBXNativeTarget "ShoppingCartApp" */ = {
			isa = XCConfigurationList;
			buildConfigurations = (
				B0B769B01EF15B440041F6A4 /* Debug */,
				B0B769B11EF15B440041F6A4 /* Release */,
			);
			defaultConfigurationIsVisible = 0;
		};
		B0B769B21EF15B440041F6A4 /* Build configuration list for PBXNativeTarget "ShoppingCartAppTests" */ = {
			isa = XCConfigurationList;
			buildConfigurations = (
				B0B769B31EF15B440041F6A4 /* Debug */,
				B0B769B41EF15B440041F6A4 /* Release */,
			);
			defaultConfigurationIsVisible = 0;
		};
		B0B769B51EF15B440041F6A4 /* Build configuration list for PBXNativeTarget "ShoppingCartAppUITests" */ = {
			isa = XCConfigurationList;
			buildConfigurations = (
				B0B769B61EF15B440041F6A4 /* Debug */,
				B0B769B71EF15B440041F6A4 /* Release */,
			);
			defaultConfigurationIsVisible = 0;
		};
/* End XCConfigurationList section */
	};
	rootObject = B0B7697F1EF15B440041F6A4 /* Project object */;
}
